
Microsoft Visual Studio Solution File, Format Version 12.00
# Visual Studio Version 17
VisualStudioVersion = 17.5.002.0
MinimumVisualStudioVersion = 10.0.40219.1
Project("{2150E333-8FDC-42A3-9474-1A3956D46DE8}") = "csharp-prep", "csharp-prep", "{9EC8DC02-D084-41E9-B7CB-4EB4835239CA}"
EndProject
Project("{9A19103F-16F7-4668-BE54-9A1E7A4F7556}") = "Prep1", "csharp-prep\Prep1\Prep1.csproj", "{6AC0A19B-F058-409E-BAA9-AE7E3C35A390}"
EndProject
Project("{9A19103F-16F7-4668-BE54-9A1E7A4F7556}") = "Prep2", "csharp-prep\Prep2\Prep2.csproj", "{E1BF6061-AC18-4DA0-833C-6FF32104D55F}"
EndProject
Project("{9A19103F-16F7-4668-BE54-9A1E7A4F7556}") = "Prep3", "csharp-prep\Prep3\Prep3.csproj", "{C869A55D-7EA3-4DA2-BC5E-A4D4B2150D3D}"
EndProject
Project("{9A19103F-16F7-4668-BE54-9A1E7A4F7556}") = "Prep4", "csharp-prep\Prep4\Prep4.csproj", "{D95C5D85-F382-4666-B4BA-BE5E9910C539}"
EndProject
Project("{9A19103F-16F7-4668-BE54-9A1E7A4F7556}") = "Prep5", "csharp-prep\Prep5\Prep5.csproj", "{55179380-57C1-4F59-981E-78FD3AD4C2A9}"
EndProject
Project("{2150E333-8FDC-42A3-9474-1A3956D46DE8}") = "final", "final", "{4A695767-46B4-47CC-9AB0-64F0E99ECB5F}"
EndProject
Project("{9A19103F-16F7-4668-BE54-9A1E7A4F7556}") = "FinalProject", "final\FinalProject\FinalProject.csproj", "{EEBEAE45-EC38-4713-B1FE-A1063E772B28}"
EndProject
Project("{9A19103F-16F7-4668-BE54-9A1E7A4F7556}") = "Foundation1", "final\Foundation1\Foundation1.csproj", "{7CDFC1DD-E8F6-45D7-A2F1-90DDABFAAC19}"
EndProject
Project("{9A19103F-16F7-4668-BE54-9A1E7A4F7556}") = "Foundation2", "final\Foundation2\Foundation2.csproj", "{C807D9DC-4F91-46B2-B1E4-E35C4FA566DD}"
EndProject
Project("{9A19103F-16F7-4668-BE54-9A1E7A4F7556}") = "Foundation3", "final\Foundation3\Foundation3.csproj", "{AB0C94FC-92BE-4D0F-99BC-70F80BE95AE7}"
EndProject
Project("{9A19103F-16F7-4668-BE54-9A1E7A4F7556}") = "Foundation4", "final\Foundation4\Foundation4.csproj", "{D5123DD0-AFEC-4EF7-8EDB-750AC7D307A5}"
EndProject
Project("{2150E333-8FDC-42A3-9474-1A3956D46DE8}") = "prepare", "prepare", "{5857216F-005F-46AE-8E93-940BF06D1575}"
EndProject
Project("{9A19103F-16F7-4668-BE54-9A1E7A4F7556}") = "Learning02", "prepare\Learning02\Learning02.csproj", "{C5970760-FBE8-4188-9AD0-2029B5BD1446}"
EndProject
Project("{9A19103F-16F7-4668-BE54-9A1E7A4F7556}") = "Learning03", "prepare\Learning03\Learning03.csproj", "{C8BD06C9-00B9-49DD-AD35-238B5662B8EE}"
EndProject
Project("{9A19103F-16F7-4668-BE54-9A1E7A4F7556}") = "Learning04", "prepare\Learning04\Learning04.csproj", "{33A8A21A-5814-4E17-A8BE-D8920CB86845}"
EndProject
Project("{9A19103F-16F7-4668-BE54-9A1E7A4F7556}") = "Learning05", "prepare\Learning05\Learning05.csproj", "{8539375A-5A8F-4A19-8DB2-243A89896725}"
EndProject
Project("{2150E333-8FDC-42A3-9474-1A3956D46DE8}") = "prove", "prove", "{112F56AF-A59B-415E-9399-63A76838A876}"
EndProject
Project("{9A19103F-16F7-4668-BE54-9A1E7A4F7556}") = "Develop02", "prove\Develop02\Develop02.csproj", "{9F6962DF-22AE-4035-A50C-2D8AAFA75F5F}"
EndProject
Project("{9A19103F-16F7-4668-BE54-9A1E7A4F7556}") = "Develop03", "prove\Develop03\Develop03.csproj", "{D68FC4DD-6145-4F03-BDB5-4FFD8E051DEE}"
EndProject
Project("{9A19103F-16F7-4668-BE54-9A1E7A4F7556}") = "Develop04", "prove\Develop04\Develop04.csproj", "{A63FFAB4-99AE-447E-ABC5-889E1AEC548C}"
EndProject
Project("{9A19103F-16F7-4668-BE54-9A1E7A4F7556}") = "Develop05", "prove\Develop05\Develop05.csproj", "{EC861CD5-0954-4501-B9BF-68738ECEFF05}"
EndProject
Project("{2150E333-8FDC-42A3-9474-1A3956D46DE8}") = "sandbox", "sandbox", "{13F4E99E-7049-428C-866E-AB1337F92F22}"
EndProject
Project("{9A19103F-16F7-4668-BE54-9A1E7A4F7556}") = "Sandbox", "sandbox\Sandbox\Sandbox.csproj", "{9ED64CA0-7F7C-4A54-974D-06C18AD87A92}"
EndProject
Global
	GlobalSection(SolutionConfigurationPlatforms) = preSolution
		Debug|Any CPU = Debug|Any CPU
		Release|Any CPU = Release|Any CPU
	EndGlobalSection
	GlobalSection(ProjectConfigurationPlatforms) = postSolution
		{6AC0A19B-F058-409E-BAA9-AE7E3C35A390}.Debug|Any CPU.ActiveCfg = Debug|Any CPU
		{6AC0A19B-F058-409E-BAA9-AE7E3C35A390}.Debug|Any CPU.Build.0 = Debug|Any CPU
		{6AC0A19B-F058-409E-BAA9-AE7E3C35A390}.Release|Any CPU.ActiveCfg = Release|Any CPU
		{6AC0A19B-F058-409E-BAA9-AE7E3C35A390}.Release|Any CPU.Build.0 = Release|Any CPU
		{E1BF6061-AC18-4DA0-833C-6FF32104D55F}.Debug|Any CPU.ActiveCfg = Debug|Any CPU
		{E1BF6061-AC18-4DA0-833C-6FF32104D55F}.Debug|Any CPU.Build.0 = Debug|Any CPU
		{E1BF6061-AC18-4DA0-833C-6FF32104D55F}.Release|Any CPU.ActiveCfg = Release|Any CPU
		{E1BF6061-AC18-4DA0-833C-6FF32104D55F}.Release|Any CPU.Build.0 = Release|Any CPU
		{C869A55D-7EA3-4DA2-BC5E-A4D4B2150D3D}.Debug|Any CPU.ActiveCfg = Debug|Any CPU
		{C869A55D-7EA3-4DA2-BC5E-A4D4B2150D3D}.Debug|Any CPU.Build.0 = Debug|Any CPU
		{C869A55D-7EA3-4DA2-BC5E-A4D4B2150D3D}.Release|Any CPU.ActiveCfg = Release|Any CPU
		{C869A55D-7EA3-4DA2-BC5E-A4D4B2150D3D}.Release|Any CPU.Build.0 = Release|Any CPU
		{D95C5D85-F382-4666-B4BA-BE5E9910C539}.Debug|Any CPU.ActiveCfg = Debug|Any CPU
		{D95C5D85-F382-4666-B4BA-BE5E9910C539}.Debug|Any CPU.Build.0 = Debug|Any CPU
		{D95C5D85-F382-4666-B4BA-BE5E9910C539}.Release|Any CPU.ActiveCfg = Release|Any CPU
		{D95C5D85-F382-4666-B4BA-BE5E9910C539}.Release|Any CPU.Build.0 = Release|Any CPU
		{55179380-57C1-4F59-981E-78FD3AD4C2A9}.Debug|Any CPU.ActiveCfg = Debug|Any CPU
		{55179380-57C1-4F59-981E-78FD3AD4C2A9}.Debug|Any CPU.Build.0 = Debug|Any CPU
		{55179380-57C1-4F59-981E-78FD3AD4C2A9}.Release|Any CPU.ActiveCfg = Release|Any CPU
		{55179380-57C1-4F59-981E-78FD3AD4C2A9}.Release|Any CPU.Build.0 = Release|Any CPU
		{EEBEAE45-EC38-4713-B1FE-A1063E772B28}.Debug|Any CPU.ActiveCfg = Debug|Any CPU
		{EEBEAE45-EC38-4713-B1FE-A1063E772B28}.Debug|Any CPU.Build.0 = Debug|Any CPU
		{EEBEAE45-EC38-4713-B1FE-A1063E772B28}.Release|Any CPU.ActiveCfg = Release|Any CPU
		{EEBEAE45-EC38-4713-B1FE-A1063E772B28}.Release|Any CPU.Build.0 = Release|Any CPU
		{7CDFC1DD-E8F6-45D7-A2F1-90DDABFAAC19}.Debug|Any CPU.ActiveCfg = Debug|Any CPU
		{7CDFC1DD-E8F6-45D7-A2F1-90DDABFAAC19}.Debug|Any CPU.Build.0 = Debug|Any CPU
		{7CDFC1DD-E8F6-45D7-A2F1-90DDABFAAC19}.Release|Any CPU.ActiveCfg = Release|Any CPU
		{7CDFC1DD-E8F6-45D7-A2F1-90DDABFAAC19}.Release|Any CPU.Build.0 = Release|Any CPU
		{C807D9DC-4F91-46B2-B1E4-E35C4FA566DD}.Debug|Any CPU.ActiveCfg = Debug|Any CPU
		{C807D9DC-4F91-46B2-B1E4-E35C4FA566DD}.Debug|Any CPU.Build.0 = Debug|Any CPU
		{C807D9DC-4F91-46B2-B1E4-E35C4FA566DD}.Release|Any CPU.ActiveCfg = Release|Any CPU
		{C807D9DC-4F91-46B2-B1E4-E35C4FA566DD}.Release|Any CPU.Build.0 = Release|Any CPU
		{AB0C94FC-92BE-4D0F-99BC-70F80BE95AE7}.Debug|Any CPU.ActiveCfg = Debug|Any CPU
		{AB0C94FC-92BE-4D0F-99BC-70F80BE95AE7}.Debug|Any CPU.Build.0 = Debug|Any CPU
		{AB0C94FC-92BE-4D0F-99BC-70F80BE95AE7}.Release|Any CPU.ActiveCfg = Release|Any CPU
		{AB0C94FC-92BE-4D0F-99BC-70F80BE95AE7}.Release|Any CPU.Build.0 = Release|Any CPU
		{D5123DD0-AFEC-4EF7-8EDB-750AC7D307A5}.Debug|Any CPU.ActiveCfg = Debug|Any CPU
		{D5123DD0-AFEC-4EF7-8EDB-750AC7D307A5}.Debug|Any CPU.Build.0 = Debug|Any CPU
		{D5123DD0-AFEC-4EF7-8EDB-750AC7D307A5}.Release|Any CPU.ActiveCfg = Release|Any CPU
		{D5123DD0-AFEC-4EF7-8EDB-750AC7D307A5}.Release|Any CPU.Build.0 = Release|Any CPU
		{C5970760-FBE8-4188-9AD0-2029B5BD1446}.Debug|Any CPU.ActiveCfg = Debug|Any CPU
		{C5970760-FBE8-4188-9AD0-2029B5BD1446}.Debug|Any CPU.Build.0 = Debug|Any CPU
		{C5970760-FBE8-4188-9AD0-2029B5BD1446}.Release|Any CPU.ActiveCfg = Release|Any CPU
		{C5970760-FBE8-4188-9AD0-2029B5BD1446}.Release|Any CPU.Build.0 = Release|Any CPU
		{C8BD06C9-00B9-49DD-AD35-238B5662B8EE}.Debug|Any CPU.ActiveCfg = Debug|Any CPU
		{C8BD06C9-00B9-49DD-AD35-238B5662B8EE}.Debug|Any CPU.Build.0 = Debug|Any CPU
		{C8BD06C9-00B9-49DD-AD35-238B5662B8EE}.Release|Any CPU.ActiveCfg = Release|Any CPU
		{C8BD06C9-00B9-49DD-AD35-238B5662B8EE}.Release|Any CPU.Build.0 = Release|Any CPU
		{33A8A21A-5814-4E17-A8BE-D8920CB86845}.Debug|Any CPU.ActiveCfg = Debug|Any CPU
		{33A8A21A-5814-4E17-A8BE-D8920CB86845}.Debug|Any CPU.Build.0 = Debug|Any CPU
		{33A8A21A-5814-4E17-A8BE-D8920CB86845}.Release|Any CPU.ActiveCfg = Release|Any CPU
		{33A8A21A-5814-4E17-A8BE-D8920CB86845}.Release|Any CPU.Build.0 = Release|Any CPU
		{8539375A-5A8F-4A19-8DB2-243A89896725}.Debug|Any CPU.ActiveCfg = Debug|Any CPU
		{8539375A-5A8F-4A19-8DB2-243A89896725}.Debug|Any CPU.Build.0 = Debug|Any CPU
		{8539375A-5A8F-4A19-8DB2-243A89896725}.Release|Any CPU.ActiveCfg = Release|Any CPU
		{8539375A-5A8F-4A19-8DB2-243A89896725}.Release|Any CPU.Build.0 = Release|Any CPU
		{9F6962DF-22AE-4035-A50C-2D8AAFA75F5F}.Debug|Any CPU.ActiveCfg = Debug|Any CPU
		{9F6962DF-22AE-4035-A50C-2D8AAFA75F5F}.Debug|Any CPU.Build.0 = Debug|Any CPU
		{9F6962DF-22AE-4035-A50C-2D8AAFA75F5F}.Release|Any CPU.ActiveCfg = Release|Any CPU
		{9F6962DF-22AE-4035-A50C-2D8AAFA75F5F}.Release|Any CPU.Build.0 = Release|Any CPU
		{D68FC4DD-6145-4F03-BDB5-4FFD8E051DEE}.Debug|Any CPU.ActiveCfg = Debug|Any CPU
		{D68FC4DD-6145-4F03-BDB5-4FFD8E051DEE}.Debug|Any CPU.Build.0 = Debug|Any CPU
		{D68FC4DD-6145-4F03-BDB5-4FFD8E051DEE}.Release|Any CPU.ActiveCfg = Release|Any CPU
		{D68FC4DD-6145-4F03-BDB5-4FFD8E051DEE}.Release|Any CPU.Build.0 = Release|Any CPU
		{A63FFAB4-99AE-447E-ABC5-889E1AEC548C}.Debug|Any CPU.ActiveCfg = Debug|Any CPU
		{A63FFAB4-99AE-447E-ABC5-889E1AEC548C}.Debug|Any CPU.Build.0 = Debug|Any CPU
		{A63FFAB4-99AE-447E-ABC5-889E1AEC548C}.Release|Any CPU.ActiveCfg = Release|Any CPU
		{A63FFAB4-99AE-447E-ABC5-889E1AEC548C}.Release|Any CPU.Build.0 = Release|Any CPU
		{EC861CD5-0954-4501-B9BF-68738ECEFF05}.Debug|Any CPU.ActiveCfg = Debug|Any CPU
		{EC861CD5-0954-4501-B9BF-68738ECEFF05}.Debug|Any CPU.Build.0 = Debug|Any CPU
		{EC861CD5-0954-4501-B9BF-68738ECEFF05}.Release|Any CPU.ActiveCfg = Release|Any CPU
		{EC861CD5-0954-4501-B9BF-68738ECEFF05}.Release|Any CPU.Build.0 = Release|Any CPU
		{9ED64CA0-7F7C-4A54-974D-06C18AD87A92}.Debug|Any CPU.ActiveCfg = Debug|Any CPU
		{9ED64CA0-7F7C-4A54-974D-06C18AD87A92}.Debug|Any CPU.Build.0 = Debug|Any CPU
		{9ED64CA0-7F7C-4A54-974D-06C18AD87A92}.Release|Any CPU.ActiveCfg = Release|Any CPU
		{9ED64CA0-7F7C-4A54-974D-06C18AD87A92}.Release|Any CPU.Build.0 = Release|Any CPU
	EndGlobalSection
	GlobalSection(SolutionProperties) = preSolution
		HideSolutionNode = FALSE
	EndGlobalSection
	GlobalSection(NestedProjects) = preSolution
		{6AC0A19B-F058-409E-BAA9-AE7E3C35A390} = {9EC8DC02-D084-41E9-B7CB-4EB4835239CA}
		{E1BF6061-AC18-4DA0-833C-6FF32104D55F} = {9EC8DC02-D084-41E9-B7CB-4EB4835239CA}
		{C869A55D-7EA3-4DA2-BC5E-A4D4B2150D3D} = {9EC8DC02-D084-41E9-B7CB-4EB4835239CA}
		{D95C5D85-F382-4666-B4BA-BE5E9910C539} = {9EC8DC02-D084-41E9-B7CB-4EB4835239CA}
		{55179380-57C1-4F59-981E-78FD3AD4C2A9} = {9EC8DC02-D084-41E9-B7CB-4EB4835239CA}
		{EEBEAE45-EC38-4713-B1FE-A1063E772B28} = {4A695767-46B4-47CC-9AB0-64F0E99ECB5F}
		{7CDFC1DD-E8F6-45D7-A2F1-90DDABFAAC19} = {4A695767-46B4-47CC-9AB0-64F0E99ECB5F}
		{C807D9DC-4F91-46B2-B1E4-E35C4FA566DD} = {4A695767-46B4-47CC-9AB0-64F0E99ECB5F}
		{AB0C94FC-92BE-4D0F-99BC-70F80BE95AE7} = {4A695767-46B4-47CC-9AB0-64F0E99ECB5F}
		{D5123DD0-AFEC-4EF7-8EDB-750AC7D307A5} = {4A695767-46B4-47CC-9AB0-64F0E99ECB5F}
		{C5970760-FBE8-4188-9AD0-2029B5BD1446} = {5857216F-005F-46AE-8E93-940BF06D1575}
		{C8BD06C9-00B9-49DD-AD35-238B5662B8EE} = {5857216F-005F-46AE-8E93-940BF06D1575}
		{33A8A21A-5814-4E17-A8BE-D8920CB86845} = {5857216F-005F-46AE-8E93-940BF06D1575}
		{8539375A-5A8F-4A19-8DB2-243A89896725} = {5857216F-005F-46AE-8E93-940BF06D1575}
		{9F6962DF-22AE-4035-A50C-2D8AAFA75F5F} = {112F56AF-A59B-415E-9399-63A76838A876}
		{D68FC4DD-6145-4F03-BDB5-4FFD8E051DEE} = {112F56AF-A59B-415E-9399-63A76838A876}
		{A63FFAB4-99AE-447E-ABC5-889E1AEC548C} = {112F56AF-A59B-415E-9399-63A76838A876}
		{EC861CD5-0954-4501-B9BF-68738ECEFF05} = {112F56AF-A59B-415E-9399-63A76838A876}
		{9ED64CA0-7F7C-4A54-974D-06C18AD87A92} = {13F4E99E-7049-428C-866E-AB1337F92F22}
	EndGlobalSection
	GlobalSection(ExtensibilityGlobals) = postSolution
		SolutionGuid = {00602507-C29D-41E5-8179-70E6657F4035}
	EndGlobalSection
EndGlobal
